
Microsoft Visual Studio Solution File, Format Version 12.00
# Visual Studio 14
VisualStudioVersion = 14.0.25420.1
MinimumVisualStudioVersion = 10.0.40219.1
Project("{F184B08F-C81C-45F6-A57F-5ABD9991F28F}") = "WindowsApplication2", "WindowsApplication2\WindowsApplication2.vbproj", "{6779F524-E027-4E74-8A2E-709F6FA65C6C}"
EndProject
Project("{F184B08F-C81C-45F6-A57F-5ABD9991F28F}") = "DTO", "DTO\DTO.vbproj", "{D53576B2-6CFC-4689-96A5-2D6FD37B9D33}"
EndProject
Project("{F184B08F-C81C-45F6-A57F-5ABD9991F28F}") = "DAO", "DAO\DAO.vbproj", "{1464D37A-F259-4036-9916-C2B1E855D6FE}"
EndProject
Project("{F184B08F-C81C-45F6-A57F-5ABD9991F28F}") = "BUS", "BUS\BUS.vbproj", "{8346057B-C860-4CE4-A855-07C8620F55C0}"
EndProject
Global
	GlobalSection(SolutionConfigurationPlatforms) = preSolution
		Debug|Any CPU = Debug|Any CPU
		Release|Any CPU = Release|Any CPU
	EndGlobalSection
	GlobalSection(ProjectConfigurationPlatforms) = postSolution
		{6779F524-E027-4E74-8A2E-709F6FA65C6C}.Debug|Any CPU.ActiveCfg = Debug|Any CPU
		{6779F524-E027-4E74-8A2E-709F6FA65C6C}.Debug|Any CPU.Build.0 = Debug|Any CPU
		{6779F524-E027-4E74-8A2E-709F6FA65C6C}.Release|Any CPU.ActiveCfg = Release|Any CPU
		{6779F524-E027-4E74-8A2E-709F6FA65C6C}.Release|Any CPU.Build.0 = Release|Any CPU
		{D53576B2-6CFC-4689-96A5-2D6FD37B9D33}.Debug|Any CPU.ActiveCfg = Debug|Any CPU
		{D53576B2-6CFC-4689-96A5-2D6FD37B9D33}.Debug|Any CPU.Build.0 = Debug|Any CPU
		{D53576B2-6CFC-4689-96A5-2D6FD37B9D33}.Release|Any CPU.ActiveCfg = Release|Any CPU
		{D53576B2-6CFC-4689-96A5-2D6FD37B9D33}.Release|Any CPU.Build.0 = Release|Any CPU
		{1464D37A-F259-4036-9916-C2B1E855D6FE}.Debug|Any CPU.ActiveCfg = Debug|Any CPU
		{1464D37A-F259-4036-9916-C2B1E855D6FE}.Debug|Any CPU.Build.0 = Debug|Any CPU
		{1464D37A-F259-4036-9916-C2B1E855D6FE}.Release|Any CPU.ActiveCfg = Release|Any CPU
		{1464D37A-F259-4036-9916-C2B1E855D6FE}.Release|Any CPU.Build.0 = Release|Any CPU
		{8346057B-C860-4CE4-A855-07C8620F55C0}.Debug|Any CPU.ActiveCfg = Debug|Any CPU
		{8346057B-C860-4CE4-A855-07C8620F55C0}.Debug|Any CPU.Build.0 = Debug|Any CPU
		{8346057B-C860-4CE4-A855-07C8620F55C0}.Release|Any CPU.ActiveCfg = Release|Any CPU
		{8346057B-C860-4CE4-A855-07C8620F55C0}.Release|Any CPU.Build.0 = Release|Any CPU
	EndGlobalSection
	GlobalSection(SolutionProperties) = preSolution
		HideSolutionNode = FALSE
	EndGlobalSection
EndGlobal
